<?xml version="1.0" encoding="utf-8"?>
<Project ToolsVersion="4.0" xmlns="http://schemas.microsoft.com/developer/msbuild/2003">
  <ItemGroup>
    <Filter Include="BitSquire">
      <UniqueIdentifier>{DD77708C-49E2-2403-9220-D6A8FEC90258}</UniqueIdentifier>
    </Filter>
    <Filter Include="BitSquire\Events">
      <UniqueIdentifier>{2109AF88-0D02-CEDA-3634-B35F228CADE6}</UniqueIdentifier>
    </Filter>
    <Filter Include="BitSquire\ImGui">
      <UniqueIdentifier>{C79EBC59-332A-2A1E-3C3B-AD12A845861E}</UniqueIdentifier>
    </Filter>
    <Filter Include="Platform">
      <UniqueIdentifier>{2AC788B4-1694-E3BF-3FAD-D1672BD9184E}</UniqueIdentifier>
    </Filter>
    <Filter Include="Platform\OpenGL">
      <UniqueIdentifier>{1E7D2C1D-8A08-9AE1-9319-1DD6FF23F6E1}</UniqueIdentifier>
    </Filter>
    <Filter Include="Platform\Windows">
      <UniqueIdentifier>{64FBD71A-50F4-F66C-7926-DCF1657ED678}</UniqueIdentifier>
    </Filter>
  </ItemGroup>
  <ItemGroup>
    <ClInclude Include="src\BitSquire.h" />
    <ClInclude Include="src\BitSquire\Application.h">
      <Filter>BitSquire</Filter>
    </ClInclude>
    <ClInclude Include="src\BitSquire\Core.h">
      <Filter>BitSquire</Filter>
    </ClInclude>
    <ClInclude Include="src\BitSquire\EntryPoint.h">
      <Filter>BitSquire</Filter>
    </ClInclude>
    <ClInclude Include="src\BitSquire\Events\ApplicationEvent.h">
      <Filter>BitSquire\Events</Filter>
    </ClInclude>
    <ClInclude Include="src\BitSquire\Events\Event.h">
      <Filter>BitSquire\Events</Filter>
    </ClInclude>
    <ClInclude Include="src\BitSquire\Events\KeyEvent.h">
      <Filter>BitSquire\Events</Filter>
    </ClInclude>
    <ClInclude Include="src\BitSquire\Events\MouseEvent.h">
      <Filter>BitSquire\Events</Filter>
    </ClInclude>
    <ClInclude Include="src\BitSquire\ImGui\ImGuiLayer.h">
      <Filter>BitSquire\ImGui</Filter>
    </ClInclude>
    <ClInclude Include="src\BitSquire\Layer.h">
      <Filter>BitSquire</Filter>
    </ClInclude>
    <ClInclude Include="src\BitSquire\LayerStack.h">
      <Filter>BitSquire</Filter>
    </ClInclude>
    <ClInclude Include="src\BitSquire\Log.h">
      <Filter>BitSquire</Filter>
    </ClInclude>
    <ClInclude Include="src\BitSquire\Window.h">
      <Filter>BitSquire</Filter>
    </ClInclude>
    <ClInclude Include="src\Platform\OpenGL\ImGuiOpenGLRenderer.h">
      <Filter>Platform\OpenGL</Filter>
    </ClInclude>
    <ClInclude Include="src\Platform\Windows\WindowsWindow.h">
      <Filter>Platform\Windows</Filter>
    </ClInclude>
    <ClInclude Include="src\sqpch.h" />
  </ItemGroup>
  <ItemGroup>
    <ClCompile Include="src\BitSquire\Application.cpp">
      <Filter>BitSquire</Filter>
    </ClCompile>
    <ClCompile Include="src\BitSquire\ImGui\ImGuiLayer.cpp">
      <Filter>BitSquire\ImGui</Filter>
    </ClCompile>
    <ClCompile Include="src\BitSquire\Layer.cpp">
      <Filter>BitSquire</Filter>
    </ClCompile>
    <ClCompile Include="src\BitSquire\LayerStack.cpp">
      <Filter>BitSquire</Filter>
    </ClCompile>
    <ClCompile Include="src\BitSquire\Log.cpp">
      <Filter>BitSquire</Filter>
    </ClCompile>
    <ClCompile Include="src\Platform\OpenGL\ImGuiOpenGLRenderer.cpp">
      <Filter>Platform\OpenGL</Filter>
    </ClCompile>
    <ClCompile Include="src\Platform\Windows\WindowsWindow.cpp">
      <Filter>Platform\Windows</Filter>
    </ClCompile>
    <ClCompile Include="src\sqpch.cpp" />
  </ItemGroup>
</Project>