<?xml version="1.0" encoding="utf-8"?>
<Project ToolsVersion="4.0" xmlns="http://schemas.microsoft.com/developer/msbuild/2003">
  <ItemGroup>
    <Filter Include="BitSquire">
      <UniqueIdentifier>{DD77708C-49E2-2403-9220-D6A8FEC90258}</UniqueIdentifier>
    </Filter>
    <Filter Include="BitSquire\Events">
      <UniqueIdentifier>{2109AF88-0D02-CEDA-3634-B35F228CADE6}</UniqueIdentifier>
    </Filter>
  </ItemGroup>
  <ItemGroup>
    <ClInclude Include="src\BitSquire.h" />
    <ClInclude Include="src\BitSquire\Application.h">
      <Filter>BitSquire</Filter>
    </ClInclude>
    <ClInclude Include="src\BitSquire\Core.h">
      <Filter>BitSquire</Filter>
    </ClInclude>
    <ClInclude Include="src\BitSquire\EntryPoint.h">
      <Filter>BitSquire</Filter>
    </ClInclude>
    <ClInclude Include="src\BitSquire\Events\ApplicationEvent.h">
      <Filter>BitSquire\Events</Filter>
    </ClInclude>
    <ClInclude Include="src\BitSquire\Events\Event.h">
      <Filter>BitSquire\Events</Filter>
    </ClInclude>
    <ClInclude Include="src\BitSquire\Events\KeyEvent.h">
      <Filter>BitSquire\Events</Filter>
    </ClInclude>
    <ClInclude Include="src\BitSquire\Events\MouseEvent.h">
      <Filter>BitSquire\Events</Filter>
    </ClInclude>
    <ClInclude Include="src\BitSquire\Log.h">
      <Filter>BitSquire</Filter>
    </ClInclude>
  </ItemGroup>
  <ItemGroup>
    <ClCompile Include="src\BitSquire\Application.cpp">
      <Filter>BitSquire</Filter>
    </ClCompile>
    <ClCompile Include="src\BitSquire\Log.cpp">
      <Filter>BitSquire</Filter>
    </ClCompile>
  </ItemGroup>
</Project>